
Microsoft Visual Studio Solution File, Format Version 12.00
# Visual Studio Version 16
VisualStudioVersion = 16.0.30717.126
MinimumVisualStudioVersion = 10.0.40219.1
Project("{9A19103F-16F7-4668-BE54-9A1E7A4F7556}") = "SiinErp", "SiinErp\SiinErp.csproj", "{5E56D9FD-DDAD-4D25-945A-DA582DAC8D1F}"
EndProject
Project("{9A19103F-16F7-4668-BE54-9A1E7A4F7556}") = "SiinErp.Logger", "SiinErp.Logger\SiinErp.Logger.csproj", "{47859BEA-0340-45C9-94A3-0F9D3FC923A7}"
EndProject
Project("{9A19103F-16F7-4668-BE54-9A1E7A4F7556}") = "SiinErp.Model", "SiinErp.Model\SiinErp.Model.csproj", "{79EFD3DE-2C30-4B37-AE5D-A82C44DFBCBD}"
EndProject
Project("{9A19103F-16F7-4668-BE54-9A1E7A4F7556}") = "SiinErp.Desktop", "SiinErp.Desktop\SiinErp.Desktop.csproj", "{CD2E3036-EFF7-4F5B-84B5-EAA1A7598556}"
EndProject
Global
	GlobalSection(SolutionConfigurationPlatforms) = preSolution
		Debug|Any CPU = Debug|Any CPU
		Release|Any CPU = Release|Any CPU
	EndGlobalSection
	GlobalSection(ProjectConfigurationPlatforms) = postSolution
		{5E56D9FD-DDAD-4D25-945A-DA582DAC8D1F}.Debug|Any CPU.ActiveCfg = Debug|Any CPU
		{5E56D9FD-DDAD-4D25-945A-DA582DAC8D1F}.Debug|Any CPU.Build.0 = Debug|Any CPU
		{5E56D9FD-DDAD-4D25-945A-DA582DAC8D1F}.Release|Any CPU.ActiveCfg = Release|Any CPU
		{5E56D9FD-DDAD-4D25-945A-DA582DAC8D1F}.Release|Any CPU.Build.0 = Release|Any CPU
		{47859BEA-0340-45C9-94A3-0F9D3FC923A7}.Debug|Any CPU.ActiveCfg = Debug|Any CPU
		{47859BEA-0340-45C9-94A3-0F9D3FC923A7}.Debug|Any CPU.Build.0 = Debug|Any CPU
		{47859BEA-0340-45C9-94A3-0F9D3FC923A7}.Release|Any CPU.ActiveCfg = Release|Any CPU
		{47859BEA-0340-45C9-94A3-0F9D3FC923A7}.Release|Any CPU.Build.0 = Release|Any CPU
		{79EFD3DE-2C30-4B37-AE5D-A82C44DFBCBD}.Debug|Any CPU.ActiveCfg = Debug|Any CPU
		{79EFD3DE-2C30-4B37-AE5D-A82C44DFBCBD}.Debug|Any CPU.Build.0 = Debug|Any CPU
		{79EFD3DE-2C30-4B37-AE5D-A82C44DFBCBD}.Release|Any CPU.ActiveCfg = Release|Any CPU
		{79EFD3DE-2C30-4B37-AE5D-A82C44DFBCBD}.Release|Any CPU.Build.0 = Release|Any CPU
		{CD2E3036-EFF7-4F5B-84B5-EAA1A7598556}.Debug|Any CPU.ActiveCfg = Debug|Any CPU
		{CD2E3036-EFF7-4F5B-84B5-EAA1A7598556}.Debug|Any CPU.Build.0 = Debug|Any CPU
		{CD2E3036-EFF7-4F5B-84B5-EAA1A7598556}.Release|Any CPU.ActiveCfg = Release|Any CPU
		{CD2E3036-EFF7-4F5B-84B5-EAA1A7598556}.Release|Any CPU.Build.0 = Release|Any CPU
	EndGlobalSection
	GlobalSection(SolutionProperties) = preSolution
		HideSolutionNode = FALSE
	EndGlobalSection
	GlobalSection(ExtensibilityGlobals) = postSolution
		SolutionGuid = {0894B16D-7B2F-4824-931B-68AF7415A32B}
	EndGlobalSection
EndGlobal
